
Microsoft Visual Studio Solution File, Format Version 12.00
# Visual Studio Version 17
VisualStudioVersion = 17.10.35013.160
MinimumVisualStudioVersion = 10.0.40219.1
Project("{FAE04EC0-301F-11D3-BF4B-00C04F79EFBC}") = "Ocak2_homework", "Ocak2_homework.csproj", "{B6526854-228E-4119-97DD-7944F15DF6C3}"
EndProject
Global
	GlobalSection(SolutionConfigurationPlatforms) = preSolution
		Debug|Any CPU = Debug|Any CPU
		Release|Any CPU = Release|Any CPU
	EndGlobalSection
	GlobalSection(ProjectConfigurationPlatforms) = postSolution
		{B6526854-228E-4119-97DD-7944F15DF6C3}.Debug|Any CPU.ActiveCfg = Debug|Any CPU
		{B6526854-228E-4119-97DD-7944F15DF6C3}.Debug|Any CPU.Build.0 = Debug|Any CPU
		{B6526854-228E-4119-97DD-7944F15DF6C3}.Release|Any CPU.ActiveCfg = Release|Any CPU
		{B6526854-228E-4119-97DD-7944F15DF6C3}.Release|Any CPU.Build.0 = Release|Any CPU
	EndGlobalSection
	GlobalSection(SolutionProperties) = preSolution
		HideSolutionNode = FALSE
	EndGlobalSection
	GlobalSection(ExtensibilityGlobals) = postSolution
		SolutionGuid = {EE9FE298-699F-44AE-B3F9-1301A213BD76}
	EndGlobalSection
EndGlobal
